// !$*UTF8*$!
{
	archiveVersion = 1;
	classes = {
	};
	objectVersion = 56;
	objects = {

/* Begin PBXBuildFile section */
		1946E9182D9F589D005A83F0 /* AppDelegate.swift in Sources */ = {isa = PBXBuildFile; fileRef = 1946E9172D9F589D005A83F0 /* AppDelegate.swift */; };
		1946E91A2D9F589D005A83F0 /* SceneDelegate.swift in Sources */ = {isa = PBXBuildFile; fileRef = 1946E9192D9F589D005A83F0 /* SceneDelegate.swift */; };
		1946E91C2D9F589D005A83F0 /* PinterestViewController.swift in Sources */ = {isa = PBXBuildFile; fileRef = 1946E91B2D9F589D005A83F0 /* PinterestViewController.swift */; };
		1946E9212D9F589F005A83F0 /* Assets.xcassets in Resources */ = {isa = PBXBuildFile; fileRef = 1946E9202D9F589F005A83F0 /* Assets.xcassets */; };
		1946E9242D9F589F005A83F0 /* Base in Resources */ = {isa = PBXBuildFile; fileRef = 1946E9232D9F589F005A83F0 /* Base */; };
		1946E9302D9F5C58005A83F0 /* Photo.swift in Sources */ = {isa = PBXBuildFile; fileRef = 1946E92F2D9F5C58005A83F0 /* Photo.swift */; };
		1946E9322D9F5CC0005A83F0 /* PhotoViewModel.swift in Sources */ = {isa = PBXBuildFile; fileRef = 1946E9312D9F5CC0005A83F0 /* PhotoViewModel.swift */; };
		1946E9342D9F5CFF005A83F0 /* GridView.swift in Sources */ = {isa = PBXBuildFile; fileRef = 1946E9332D9F5CFF005A83F0 /* GridView.swift */; };
		1946E9362D9F5D2D005A83F0 /* DetailView.swift in Sources */ = {isa = PBXBuildFile; fileRef = 1946E9352D9F5D2D005A83F0 /* DetailView.swift */; };
		1946E9382D9F6110005A83F0 /* asyncImageView.swift in Sources */ = {isa = PBXBuildFile; fileRef = 1946E9372D9F6110005A83F0 /* asyncImageView.swift */; };
/* End PBXBuildFile section */

/* Begin PBXFileReference section */
		1946E9142D9F589D005A83F0 /* pin5Demo.app */ = {isa = PBXFileReference; explicitFileType = wrapper.application; includeInIndex = 0; path = pin5Demo.app; sourceTree = BUILT_PRODUCTS_DIR; };
		1946E9172D9F589D005A83F0 /* AppDelegate.swift */ = {isa = PBXFileReference; lastKnownFileType = sourcecode.swift; path = AppDelegate.swift; sourceTree = "<group>"; };
		1946E9192D9F589D005A83F0 /* SceneDelegate.swift */ = {isa = PBXFileReference; lastKnownFileType = sourcecode.swift; path = SceneDelegate.swift; sourceTree = "<group>"; };
		1946E91B2D9F589D005A83F0 /* PinterestViewController.swift */ = {isa = PBXFileReference; lastKnownFileType = sourcecode.swift; path = PinterestViewController.swift; sourceTree = "<group>"; };
		1946E9202D9F589F005A83F0 /* Assets.xcassets */ = {isa = PBXFileReference; lastKnownFileType = folder.assetcatalog; path = Assets.xcassets; sourceTree = "<group>"; };
		1946E9232D9F589F005A83F0 /* Base */ = {isa = PBXFileReference; lastKnownFileType = file.storyboard; name = Base; path = Base.lproj/LaunchScreen.storyboard; sourceTree = "<group>"; };
		1946E9252D9F589F005A83F0 /* Info.plist */ = {isa = PBXFileReference; lastKnownFileType = text.plist.xml; path = Info.plist; sourceTree = "<group>"; };
		1946E92F2D9F5C58005A83F0 /* Photo.swift */ = {isa = PBXFileReference; lastKnownFileType = sourcecode.swift; path = Photo.swift; sourceTree = "<group>"; };
		1946E9312D9F5CC0005A83F0 /* PhotoViewModel.swift */ = {isa = PBXFileReference; lastKnownFileType = sourcecode.swift; path = PhotoViewModel.swift; sourceTree = "<group>"; };
		1946E9332D9F5CFF005A83F0 /* GridView.swift */ = {isa = PBXFileReference; lastKnownFileType = sourcecode.swift; path = GridView.swift; sourceTree = "<group>"; };
		1946E9352D9F5D2D005A83F0 /* DetailView.swift */ = {isa = PBXFileReference; lastKnownFileType = sourcecode.swift; path = DetailView.swift; sourceTree = "<group>"; };
		1946E9372D9F6110005A83F0 /* asyncImageView.swift */ = {isa = PBXFileReference; lastKnownFileType = sourcecode.swift; path = asyncImageView.swift; sourceTree = "<group>"; };
/* End PBXFileReference section */

/* Begin PBXFrameworksBuildPhase section */
		1946E9112D9F589D005A83F0 /* Frameworks */ = {
			isa = PBXFrameworksBuildPhase;
			buildActionMask = 2147483647;
			files = (
			);
			runOnlyForDeploymentPostprocessing = 0;
		};
/* End PBXFrameworksBuildPhase section */

/* Begin PBXGroup section */
		1946E90B2D9F589D005A83F0 = {
			isa = PBXGroup;
			children = (
				1946E9162D9F589D005A83F0 /* pin5Demo */,
				1946E9152D9F589D005A83F0 /* Products */,
			);
			sourceTree = "<group>";
		};
		1946E9152D9F589D005A83F0 /* Products */ = {
			isa = PBXGroup;
			children = (
				1946E9142D9F589D005A83F0 /* pin5Demo.app */,
			);
			name = Products;
			sourceTree = "<group>";
		};
		1946E9162D9F589D005A83F0 /* pin5Demo */ = {
			isa = PBXGroup;
			children = (
				1946E92B2D9F5C01005A83F0 /* pinterest */,
				1946E9172D9F589D005A83F0 /* AppDelegate.swift */,
				1946E9192D9F589D005A83F0 /* SceneDelegate.swift */,
				1946E91B2D9F589D005A83F0 /* PinterestViewController.swift */,
				1946E9202D9F589F005A83F0 /* Assets.xcassets */,
				1946E9222D9F589F005A83F0 /* LaunchScreen.storyboard */,
				1946E9252D9F589F005A83F0 /* Info.plist */,
			);
			path = pin5Demo;
			sourceTree = "<group>";
		};
		1946E92B2D9F5C01005A83F0 /* pinterest */ = {
			isa = PBXGroup;
			children = (
				1946E92E2D9F5C2A005A83F0 /* ViewModel */,
				1946E92D2D9F5C23005A83F0 /* View */,
				1946E92C2D9F5C17005A83F0 /* Model */,
			);
			path = pinterest;
			sourceTree = "<group>";
		};
		1946E92C2D9F5C17005A83F0 /* Model */ = {
			isa = PBXGroup;
			children = (
				1946E92F2D9F5C58005A83F0 /* Photo.swift */,
			);
			path = Model;
			sourceTree = "<group>";
		};
		1946E92D2D9F5C23005A83F0 /* View */ = {
			isa = PBXGroup;
			children = (
				1946E9332D9F5CFF005A83F0 /* GridView.swift */,
				1946E9352D9F5D2D005A83F0 /* DetailView.swift */,
				1946E9372D9F6110005A83F0 /* asyncImageView.swift */,
			);
			path = View;
			sourceTree = "<group>";
		};
		1946E92E2D9F5C2A005A83F0 /* ViewModel */ = {
			isa = PBXGroup;
			children = (
				1946E9312D9F5CC0005A83F0 /* PhotoViewModel.swift */,
			);
			path = ViewModel;
			sourceTree = "<group>";
		};
/* End PBXGroup section */

/* Begin PBXNativeTarget section */
		1946E9132D9F589D005A83F0 /* pin5Demo */ = {
			isa = PBXNativeTarget;
			buildConfigurationList = 1946E9282D9F589F005A83F0 /* Build configuration list for PBXNativeTarget "pin5Demo" */;
			buildPhases = (
				1946E9102D9F589D005A83F0 /* Sources */,
				1946E9112D9F589D005A83F0 /* Frameworks */,
				1946E9122D9F589D005A83F0 /* Resources */,
			);
			buildRules = (
			);
			dependencies = (
			);
			name = pin5Demo;
			productName = pin5Demo;
			productReference = 1946E9142D9F589D005A83F0 /* pin5Demo.app */;
			productType = "com.apple.product-type.application";
		};
/* End PBXNativeTarget section */

/* Begin PBXProject section */
		1946E90C2D9F589D005A83F0 /* Project object */ = {
			isa = PBXProject;
			attributes = {
				BuildIndependentTargetsInParallel = 1;
				LastSwiftUpdateCheck = 1540;
				LastUpgradeCheck = 1540;
				TargetAttributes = {
					1946E9132D9F589D005A83F0 = {
						CreatedOnToolsVersion = 15.4;
					};
				};
			};
			buildConfigurationList = 1946E90F2D9F589D005A83F0 /* Build configuration list for PBXProject "pin5Demo" */;
			compatibilityVersion = "Xcode 14.0";
			developmentRegion = en;
			hasScannedForEncodings = 0;
			knownRegions = (
				en,
				Base,
			);
			mainGroup = 1946E90B2D9F589D005A83F0;
			productRefGroup = 1946E9152D9F589D005A83F0 /* Products */;
			projectDirPath = "";
			projectRoot = "";
			targets = (
				1946E9132D9F589D005A83F0 /* pin5Demo */,
			);
		};
/* End PBXProject section */

/* Begin PBXResourcesBuildPhase section */
		1946E9122D9F589D005A83F0 /* Resources */ = {
			isa = PBXResourcesBuildPhase;
			buildActionMask = 2147483647;
			files = (
				1946E9212D9F589F005A83F0 /* Assets.xcassets in Resources */,
				1946E9242D9F589F005A83F0 /* Base in Resources */,
			);
			runOnlyForDeploymentPostprocessing = 0;
		};
/* End PBXResourcesBuildPhase section */

/* Begin PBXSourcesBuildPhase section */
		1946E9102D9F589D005A83F0 /* Sources */ = {
			isa = PBXSourcesBuildPhase;
			buildActionMask = 2147483647;
			files = (
				1946E91C2D9F589D005A83F0 /* PinterestViewController.swift in Sources */,
				1946E9182D9F589D005A83F0 /* AppDelegate.swift in Sources */,
				1946E9302D9F5C58005A83F0 /* Photo.swift in Sources */,
				1946E9382D9F6110005A83F0 /* asyncImageView.swift in Sources */,
				1946E9362D9F5D2D005A83F0 /* DetailView.swift in Sources */,
				1946E91A2D9F589D005A83F0 /* SceneDelegate.swift in Sources */,
				1946E9342D9F5CFF005A83F0 /* GridView.swift in Sources */,
				1946E9322D9F5CC0005A83F0 /* PhotoViewModel.swift in Sources */,
			);
			runOnlyForDeploymentPostprocessing = 0;
		};
/* End PBXSourcesBuildPhase section */

/* Begin PBXVariantGroup section */
		1946E9222D9F589F005A83F0 /* LaunchScreen.storyboard */ = {
			isa = PBXVariantGroup;
			children = (
				1946E9232D9F589F005A83F0 /* Base */,
			);
			name = LaunchScreen.storyboard;
			sourceTree = "<group>";
		};
/* End PBXVariantGroup section */

/* Begin XCBuildConfiguration section */
		1946E9262D9F589F005A83F0 /* Debug */ = {
			isa = XCBuildConfiguration;
			buildSettings = {
				ALWAYS_SEARCH_USER_PATHS = NO;
				ASSETCATALOG_COMPILER_GENERATE_SWIFT_ASSET_SYMBOL_EXTENSIONS = YES;
				CLANG_ANALYZER_NONNULL = YES;
				CLANG_ANALYZER_NUMBER_OBJECT_CONVERSION = YES_AGGRESSIVE;
				CLANG_CXX_LANGUAGE_STANDARD = "gnu++20";
				CLANG_ENABLE_MODULES = YES;
				CLANG_ENABLE_OBJC_ARC = YES;
				CLANG_ENABLE_OBJC_WEAK = YES;
				CLANG_WARN_BLOCK_CAPTURE_AUTORELEASING = YES;
				CLANG_WARN_BOOL_CONVERSION = YES;
				CLANG_WARN_COMMA = YES;
				CLANG_WARN_CONSTANT_CONVERSION = YES;
				CLANG_WARN_DEPRECATED_OBJC_IMPLEMENTATIONS = YES;
				CLANG_WARN_DIRECT_OBJC_ISA_USAGE = YES_ERROR;
				CLANG_WARN_DOCUMENTATION_COMMENTS = YES;
				CLANG_WARN_EMPTY_BODY = YES;
				CLANG_WARN_ENUM_CONVERSION = YES;
				CLANG_WARN_INFINITE_RECURSION = YES;
				CLANG_WARN_INT_CONVERSION = YES;
				CLANG_WARN_NON_LITERAL_NULL_CONVERSION = YES;
				CLANG_WARN_OBJC_IMPLICIT_RETAIN_SELF = YES;
				CLANG_WARN_OBJC_LITERAL_CONVERSION = YES;
				CLANG_WARN_OBJC_ROOT_CLASS = YES_ERROR;
				CLANG_WARN_QUOTED_INCLUDE_IN_FRAMEWORK_HEADER = YES;
				CLANG_WARN_RANGE_LOOP_ANALYSIS = YES;
				CLANG_WARN_STRICT_PROTOTYPES = YES;
				CLANG_WARN_SUSPICIOUS_MOVE = YES;
				CLANG_WARN_UNGUARDED_AVAILABILITY = YES_AGGRESSIVE;
				CLANG_WARN_UNREACHABLE_CODE = YES;
				CLANG_WARN__DUPLICATE_METHOD_MATCH = YES;
				COPY_PHASE_STRIP = NO;
				DEBUG_INFORMATION_FORMAT = dwarf;
				ENABLE_STRICT_OBJC_MSGSEND = YES;
				ENABLE_TESTABILITY = YES;
				ENABLE_USER_SCRIPT_SANDBOXING = YES;
				GCC_C_LANGUAGE_STANDARD = gnu17;
				GCC_DYNAMIC_NO_PIC = NO;
				GCC_NO_COMMON_BLOCKS = YES;
				GCC_OPTIMIZATION_LEVEL = 0;
				GCC_PREPROCESSOR_DEFINITIONS = (
					"DEBUG=1",
					"$(inherited)",
				);
				GCC_WARN_64_TO_32_BIT_CONVERSION = YES;
				GCC_WARN_ABOUT_RETURN_TYPE = YES_ERROR;
				GCC_WARN_UNDECLARED_SELECTOR = YES;
				GCC_WARN_UNINITIALIZED_AUTOS = YES_AGGRESSIVE;
				GCC_WARN_UNUSED_FUNCTION = YES;
				GCC_WARN_UNUSED_VARIABLE = YES;
				IPHONEOS_DEPLOYMENT_TARGET = 17.5;
				LOCALIZATION_PREFERS_STRING_CATALOGS = YES;
				MTL_ENABLE_DEBUG_INFO = INCLUDE_SOURCE;
				MTL_FAST_MATH = YES;
				ONLY_ACTIVE_ARCH = YES;
				SDKROOT = iphoneos;
				SWIFT_ACTIVE_COMPILATION_CONDITIONS = "DEBUG $(inherited)";
				SWIFT_OPTIMIZATION_LEVEL = "-Onone";
			};
			name = Debug;
		};
		1946E9272D9F589F005A83F0 /* Release */ = {
			isa = XCBuildConfiguration;
			buildSettings = {
				ALWAYS_SEARCH_USER_PATHS = NO;
				ASSETCATALOG_COMPILER_GENERATE_SWIFT_ASSET_SYMBOL_EXTENSIONS = YES;
				CLANG_ANALYZER_NONNULL = YES;
				CLANG_ANALYZER_NUMBER_OBJECT_CONVERSION = YES_AGGRESSIVE;
				CLANG_CXX_LANGUAGE_STANDARD = "gnu++20";
				CLANG_ENABLE_MODULES = YES;
				CLANG_ENABLE_OBJC_ARC = YES;
				CLANG_ENABLE_OBJC_WEAK = YES;
				CLANG_WARN_BLOCK_CAPTURE_AUTORELEASING = YES;
				CLANG_WARN_BOOL_CONVERSION = YES;
				CLANG_WARN_COMMA = YES;
				CLANG_WARN_CONSTANT_CONVERSION = YES;
				CLANG_WARN_DEPRECATED_OBJC_IMPLEMENTATIONS = YES;
				CLANG_WARN_DIRECT_OBJC_ISA_USAGE = YES_ERROR;
				CLANG_WARN_DOCUMENTATION_COMMENTS = YES;
				CLANG_WARN_EMPTY_BODY = YES;
				CLANG_WARN_ENUM_CONVERSION = YES;
				CLANG_WARN_INFINITE_RECURSION = YES;
				CLANG_WARN_INT_CONVERSION = YES;
				CLANG_WARN_NON_LITERAL_NULL_CONVERSION = YES;
				CLANG_WARN_OBJC_IMPLICIT_RETAIN_SELF = YES;
				CLANG_WARN_OBJC_LITERAL_CONVERSION = YES;
				CLANG_WARN_OBJC_ROOT_CLASS = YES_ERROR;
				CLANG_WARN_QUOTED_INCLUDE_IN_FRAMEWORK_HEADER = YES;
				CLANG_WARN_RANGE_LOOP_ANALYSIS = YES;
				CLANG_WARN_STRICT_PROTOTYPES = YES;
				CLANG_WARN_SUSPICIOUS_MOVE = YES;
				CLANG_WARN_UNGUARDED_AVAILABILITY = YES_AGGRESSIVE;
				CLANG_WARN_UNREACHABLE_CODE = YES;
				CLANG_WARN__DUPLICATE_METHOD_MATCH = YES;
				COPY_PHASE_STRIP = NO;
				DEBUG_INFORMATION_FORMAT = "dwarf-with-dsym";
				ENABLE_NS_ASSERTIONS = NO;
				ENABLE_STRICT_OBJC_MSGSEND = YES;
				ENABLE_USER_SCRIPT_SANDBOXING = YES;
				GCC_C_LANGUAGE_STANDARD = gnu17;
				GCC_NO_COMMON_BLOCKS = YES;
				GCC_WARN_64_TO_32_BIT_CONVERSION = YES;
				GCC_WARN_ABOUT_RETURN_TYPE = YES_ERROR;
				GCC_WARN_UNDECLARED_SELECTOR = YES;
				GCC_WARN_UNINITIALIZED_AUTOS = YES_AGGRESSIVE;
				GCC_WARN_UNUSED_FUNCTION = YES;
				GCC_WARN_UNUSED_VARIABLE = YES;
				IPHONEOS_DEPLOYMENT_TARGET = 17.5;
				LOCALIZATION_PREFERS_STRING_CATALOGS = YES;
				MTL_ENABLE_DEBUG_INFO = NO;
				MTL_FAST_MATH = YES;
				SDKROOT = iphoneos;
				SWIFT_COMPILATION_MODE = wholemodule;
				VALIDATE_PRODUCT = YES;
			};
			name = Release;
		};
		1946E9292D9F589F005A83F0 /* Debug */ = {
			isa = XCBuildConfiguration;
			buildSettings = {
				ASSETCATALOG_COMPILER_APPICON_NAME = AppIcon;
				ASSETCATALOG_COMPILER_GLOBAL_ACCENT_COLOR_NAME = AccentColor;
				CODE_SIGN_STYLE = Automatic;
				CURRENT_PROJECT_VERSION = 1;
				GENERATE_INFOPLIST_FILE = YES;
				INFOPLIST_FILE = pin5Demo/Info.plist;
				INFOPLIST_KEY_UIApplicationSupportsIndirectInputEvents = YES;
				INFOPLIST_KEY_UILaunchStoryboardName = LaunchScreen;
				INFOPLIST_KEY_UISupportedInterfaceOrientations_iPad = "UIInterfaceOrientationPortrait UIInterfaceOrientationPortraitUpsideDown UIInterfaceOrientationLandscapeLeft UIInterfaceOrientationLandscapeRight";
				INFOPLIST_KEY_UISupportedInterfaceOrientations_iPhone = "UIInterfaceOrientationPortrait UIInterfaceOrientationLandscapeLeft UIInterfaceOrientationLandscapeRight";
				LD_RUNPATH_SEARCH_PATHS = (
					"$(inherited)",
					"@executable_path/Frameworks",
				);
				MARKETING_VERSION = 1.0;
				PRODUCT_BUNDLE_IDENTIFIER = beginerProject.pin5Demo;
				PRODUCT_NAME = "$(TARGET_NAME)";
				SWIFT_EMIT_LOC_STRINGS = YES;
				SWIFT_VERSION = 5.0;
				TARGETED_DEVICE_FAMILY = "1,2";
			};
			name = Debug;
		};
		1946E92A2D9F589F005A83F0 /* Release */ = {
			isa = XCBuildConfiguration;
			buildSettings = {
				ASSETCATALOG_COMPILER_APPICON_NAME = AppIcon;
				ASSETCATALOG_COMPILER_GLOBAL_ACCENT_COLOR_NAME = AccentColor;
				CODE_SIGN_STYLE = Automatic;
				CURRENT_PROJECT_VERSION = 1;
				GENERATE_INFOPLIST_FILE = YES;
				INFOPLIST_FILE = pin5Demo/Info.plist;
				INFOPLIST_KEY_UIApplicationSupportsIndirectInputEvents = YES;
				INFOPLIST_KEY_UILaunchStoryboardName = LaunchScreen;
				INFOPLIST_KEY_UISupportedInterfaceOrientations_iPad = "UIInterfaceOrientationPortrait UIInterfaceOrientationPortraitUpsideDown UIInterfaceOrientationLandscapeLeft UIInterfaceOrientationLandscapeRight";
				INFOPLIST_KEY_UISupportedInterfaceOrientations_iPhone = "UIInterfaceOrientationPortrait UIInterfaceOrientationLandscapeLeft UIInterfaceOrientationLandscapeRight";
				LD_RUNPATH_SEARCH_PATHS = (
					"$(inherited)",
					"@executable_path/Frameworks",
				);
				MARKETING_VERSION = 1.0;
				PRODUCT_BUNDLE_IDENTIFIER = beginerProject.pin5Demo;
				PRODUCT_NAME = "$(TARGET_NAME)";
				SWIFT_EMIT_LOC_STRINGS = YES;
				SWIFT_VERSION = 5.0;
				TARGETED_DEVICE_FAMILY = "1,2";
			};
			name = Release;
		};
/* End XCBuildConfiguration section */

/* Begin XCConfigurationList section */
		1946E90F2D9F589D005A83F0 /* Build configuration list for PBXProject "pin5Demo" */ = {
			isa = XCConfigurationList;
			buildConfigurations = (
				1946E9262D9F589F005A83F0 /* Debug */,
				1946E9272D9F589F005A83F0 /* Release */,
			);
			defaultConfigurationIsVisible = 0;
			defaultConfigurationName = Release;
		};
		1946E9282D9F589F005A83F0 /* Build configuration list for PBXNativeTarget "pin5Demo" */ = {
			isa = XCConfigurationList;
			buildConfigurations = (
				1946E9292D9F589F005A83F0 /* Debug */,
				1946E92A2D9F589F005A83F0 /* Release */,
			);
			defaultConfigurationIsVisible = 0;
			defaultConfigurationName = Release;
		};
/* End XCConfigurationList section */
	};
	rootObject = 1946E90C2D9F589D005A83F0 /* Project object */;
}
